{
  "requires": true,
  "lockfileVersion": 1,
  "dependencies": {
    "bootstrap": {
      "version": "5.1.3",
      "resolved": "https://registry.npmjs.org/bootstrap/-/bootstrap-5.1.3.tgz",
      "integrity": "sha512-fcQztozJ8jToQWXxVuEyXWW+dSo8AiXWKwiSSrKWsRB/Qt+Ewwza+JWoLKiTuQLaEPhdNAJ7+Dosc9DOIqNy7Q=="
    },
    "bootstrap-dark-5": {
      "version": "1.1.3",
      "resolved": "https://registry.npmjs.org/bootstrap-dark-5/-/bootstrap-dark-5-1.1.3.tgz",
      "integrity": "sha512-3Paopsp8wyOM1oeaLWLFuUZThhRc3tBYKUnoF+uwrU/xN4G47MCLZlALBJNqYqAecg7dSln9vgaYK1CwPnTeBw==",
      "requires": {
        "bootstrap": "^5.1.3"
      }
    },
    "bootswatch": {
      "version": "5.1.3",
      "resolved": "https://registry.npmjs.org/bootswatch/-/bootswatch-5.1.3.tgz",
      "integrity": "sha512-NmZFN6rOCoXWQ/PkzmD8FFWDe24kocX9OXWHNVaLxVVnpqpAzEbMFsf8bAfKwVtpNXibasZCzv09B5fLieAh2g=="
    },
    "dark-mode-switch": {
      "version": "1.0.0",
      "resolved": "https://registry.npmjs.org/dark-mode-switch/-/dark-mode-switch-1.0.0.tgz",
      "integrity": "sha512-wRoqYGmph7mwRbPcSNRR6DpRQe5wOK0lG6O3Hz7nIWWDyLAHSqje7PUI6c/acOYACiSPHc7sqysn57GSuklb6w=="
    }
  }
}
